// !$*UTF8*$!
{
	archiveVersion = 1;
	classes = {
	};
	objectVersion = 50;
	objects = {

/* Begin PBXBuildFile section */
		A7AE28CA2742DFFE0062943F /* DropGameApp.swift in Sources */ = {isa = PBXBuildFile; fileRef = A7AE28C92742DFFE0062943F /* DropGameApp.swift */; };
		A7AE28CC2742DFFE0062943F /* DropGameView.swift in Sources */ = {isa = PBXBuildFile; fileRef = A7AE28CB2742DFFE0062943F /* DropGameView.swift */; };
		A7AE28CE2742DFFE0062943F /* Assets.xcassets in Resources */ = {isa = PBXBuildFile; fileRef = A7AE28CD2742DFFE0062943F /* Assets.xcassets */; };
		A7AE28D12742DFFE0062943F /* Preview Assets.xcassets in Resources */ = {isa = PBXBuildFile; fileRef = A7AE28D02742DFFE0062943F /* Preview Assets.xcassets */; };
		A7AE28DE2742E11C0062943F /* GameScene.swift in Sources */ = {isa = PBXBuildFile; fileRef = A7AE28DD2742E11C0062943F /* GameScene.swift */; };
		A7B560C0274589E30095FD46 /* SparkParticle.sks in Resources */ = {isa = PBXBuildFile; fileRef = A7B560BE274589E30095FD46 /* SparkParticle.sks */; };
		A7B560C1274589E30095FD46 /* Assets.xcassets in Resources */ = {isa = PBXBuildFile; fileRef = A7B560BF274589E30095FD46 /* Assets.xcassets */; };
		A7B560D3274593010095FD46 /* music.wav in Resources */ = {isa = PBXBuildFile; fileRef = A7B560D2274593010095FD46 /* music.wav */; };
/* End PBXBuildFile section */

/* Begin PBXFileReference section */
		A7AE28C62742DFFE0062943F /* DropGame.app */ = {isa = PBXFileReference; explicitFileType = wrapper.application; includeInIndex = 0; path = DropGame.app; sourceTree = BUILT_PRODUCTS_DIR; };
		A7AE28C92742DFFE0062943F /* DropGameApp.swift */ = {isa = PBXFileReference; lastKnownFileType = sourcecode.swift; path = DropGameApp.swift; sourceTree = "<group>"; };
		A7AE28CB2742DFFE0062943F /* DropGameView.swift */ = {isa = PBXFileReference; lastKnownFileType = sourcecode.swift; path = DropGameView.swift; sourceTree = "<group>"; };
		A7AE28CD2742DFFE0062943F /* Assets.xcassets */ = {isa = PBXFileReference; lastKnownFileType = folder.assetcatalog; path = Assets.xcassets; sourceTree = "<group>"; };
		A7AE28D02742DFFE0062943F /* Preview Assets.xcassets */ = {isa = PBXFileReference; lastKnownFileType = folder.assetcatalog; path = "Preview Assets.xcassets"; sourceTree = "<group>"; };
		A7AE28D22742DFFE0062943F /* Info.plist */ = {isa = PBXFileReference; lastKnownFileType = text.plist.xml; path = Info.plist; sourceTree = "<group>"; };
		A7AE28DD2742E11C0062943F /* GameScene.swift */ = {isa = PBXFileReference; lastKnownFileType = sourcecode.swift; path = GameScene.swift; sourceTree = "<group>"; };
		A7B560BE274589E30095FD46 /* SparkParticle.sks */ = {isa = PBXFileReference; lastKnownFileType = file.sks; path = SparkParticle.sks; sourceTree = "<group>"; };
		A7B560BF274589E30095FD46 /* Assets.xcassets */ = {isa = PBXFileReference; lastKnownFileType = folder.assetcatalog; path = Assets.xcassets; sourceTree = "<group>"; };
		A7B560C6274590730095FD46 /* drop bass.wav */ = {isa = PBXFileReference; lastKnownFileType = audio.wav; path = "drop bass.wav"; sourceTree = "<group>"; };
		A7B560D2274593010095FD46 /* music.wav */ = {isa = PBXFileReference; lastKnownFileType = audio.wav; path = music.wav; sourceTree = "<group>"; };
/* End PBXFileReference section */

/* Begin PBXFrameworksBuildPhase section */
		A7AE28C32742DFFE0062943F /* Frameworks */ = {
			isa = PBXFrameworksBuildPhase;
			buildActionMask = 2147483647;
			files = (
			);
			runOnlyForDeploymentPostprocessing = 0;
		};
/* End PBXFrameworksBuildPhase section */

/* Begin PBXGroup section */
		A7AE28BD2742DFFE0062943F = {
			isa = PBXGroup;
			children = (
				A7AE28C82742DFFE0062943F /* DropGame */,
				A7AE28C72742DFFE0062943F /* Products */,
			);
			sourceTree = "<group>";
		};
		A7AE28C72742DFFE0062943F /* Products */ = {
			isa = PBXGroup;
			children = (
				A7AE28C62742DFFE0062943F /* DropGame.app */,
			);
			name = Products;
			sourceTree = "<group>";
		};
		A7AE28C82742DFFE0062943F /* DropGame */ = {
			isa = PBXGroup;
			children = (
				A7AE28E12742E4D30062943F /* GameModel */,
				A7AE28D92742E02F0062943F /* Resources */,
				A7AE28CB2742DFFE0062943F /* DropGameView.swift */,
				A7AE28CF2742DFFE0062943F /* Preview Content */,
			);
			path = DropGame;
			sourceTree = "<group>";
		};
		A7AE28CF2742DFFE0062943F /* Preview Content */ = {
			isa = PBXGroup;
			children = (
				A7AE28D02742DFFE0062943F /* Preview Assets.xcassets */,
			);
			path = "Preview Content";
			sourceTree = "<group>";
		};
		A7AE28D92742E02F0062943F /* Resources */ = {
			isa = PBXGroup;
			children = (
				A7B560C427458F7C0095FD46 /* Sounds */,
				A7AE28C92742DFFE0062943F /* DropGameApp.swift */,
				A7AE28CD2742DFFE0062943F /* Assets.xcassets */,
				A7AE28D22742DFFE0062943F /* Info.plist */,
			);
			path = Resources;
			sourceTree = "<group>";
		};
		A7AE28E12742E4D30062943F /* GameModel */ = {
			isa = PBXGroup;
			children = (
				A7AE28DD2742E11C0062943F /* GameScene.swift */,
				A7B560BD274589B10095FD46 /* Particles */,
			);
			path = GameModel;
			sourceTree = "<group>";
		};
		A7B560BD274589B10095FD46 /* Particles */ = {
			isa = PBXGroup;
			children = (
				A7B560BE274589E30095FD46 /* SparkParticle.sks */,
				A7B560BF274589E30095FD46 /* Assets.xcassets */,
			);
			path = Particles;
			sourceTree = "<group>";
		};
		A7B560C427458F7C0095FD46 /* Sounds */ = {
			isa = PBXGroup;
			children = (
				A7B560C6274590730095FD46 /* drop bass.wav */,
				A7B560D2274593010095FD46 /* music.wav */,
			);
			path = Sounds;
			sourceTree = "<group>";
		};
/* End PBXGroup section */

/* Begin PBXNativeTarget section */
		A7AE28C52742DFFE0062943F /* DropGame */ = {
			isa = PBXNativeTarget;
			buildConfigurationList = A7AE28D52742DFFE0062943F /* Build configuration list for PBXNativeTarget "DropGame" */;
			buildPhases = (
				A7AE28C22742DFFE0062943F /* Sources */,
				A7AE28C32742DFFE0062943F /* Frameworks */,
				A7AE28C42742DFFE0062943F /* Resources */,
			);
			buildRules = (
			);
			dependencies = (
			);
			name = DropGame;
			productName = DropGame;
			productReference = A7AE28C62742DFFE0062943F /* DropGame.app */;
			productType = "com.apple.product-type.application";
		};
/* End PBXNativeTarget section */

/* Begin PBXProject section */
		A7AE28BE2742DFFE0062943F /* Project object */ = {
			isa = PBXProject;
			attributes = {
				LastSwiftUpdateCheck = 1220;
				LastUpgradeCheck = 1220;
				TargetAttributes = {
					A7AE28C52742DFFE0062943F = {
						CreatedOnToolsVersion = 12.2;
					};
				};
			};
			buildConfigurationList = A7AE28C12742DFFE0062943F /* Build configuration list for PBXProject "DropGame" */;
			compatibilityVersion = "Xcode 9.3";
			developmentRegion = en;
			hasScannedForEncodings = 0;
			knownRegions = (
				en,
				Base,
			);
			mainGroup = A7AE28BD2742DFFE0062943F;
			productRefGroup = A7AE28C72742DFFE0062943F /* Products */;
			projectDirPath = "";
			projectRoot = "";
			targets = (
				A7AE28C52742DFFE0062943F /* DropGame */,
			);
		};
/* End PBXProject section */

/* Begin PBXResourcesBuildPhase section */
		A7AE28C42742DFFE0062943F /* Resources */ = {
			isa = PBXResourcesBuildPhase;
			buildActionMask = 2147483647;
			files = (
				A7AE28D12742DFFE0062943F /* Preview Assets.xcassets in Resources */,
				A7B560C0274589E30095FD46 /* SparkParticle.sks in Resources */,
				A7B560D3274593010095FD46 /* music.wav in Resources */,
				A7B560C1274589E30095FD46 /* Assets.xcassets in Resources */,
				A7AE28CE2742DFFE0062943F /* Assets.xcassets in Resources */,
				A7B560C8274590730095FD46 /* drop bass.wav in Resources */,
			);
			runOnlyForDeploymentPostprocessing = 0;
		};
/* End PBXResourcesBuildPhase section */

/* Begin PBXSourcesBuildPhase section */
		A7AE28C22742DFFE0062943F /* Sources */ = {
			isa = PBXSourcesBuildPhase;
			buildActionMask = 2147483647;
			files = (
				A7AE28DE2742E11C0062943F /* GameScene.swift in Sources */,
				A7AE28CC2742DFFE0062943F /* DropGameView.swift in Sources */,
				A7AE28CA2742DFFE0062943F /* DropGameApp.swift in Sources */,
			);
			runOnlyForDeploymentPostprocessing = 0;
		};
/* End PBXSourcesBuildPhase section */

/* Begin XCBuildConfiguration section */
		A7AE28D32742DFFE0062943F /* Debug */ = {
			isa = XCBuildConfiguration;
			buildSettings = {
				ALWAYS_SEARCH_USER_PATHS = NO;
				CLANG_ANALYZER_NONNULL = YES;
				CLANG_ANALYZER_NUMBER_OBJECT_CONVERSION = YES_AGGRESSIVE;
				CLANG_CXX_LANGUAGE_STANDARD = "gnu++14";
				CLANG_CXX_LIBRARY = "libc++";
				CLANG_ENABLE_MODULES = YES;
				CLANG_ENABLE_OBJC_ARC = YES;
				CLANG_ENABLE_OBJC_WEAK = YES;
				CLANG_WARN_BLOCK_CAPTURE_AUTORELEASING = YES;
				CLANG_WARN_BOOL_CONVERSION = YES;
				CLANG_WARN_COMMA = YES;
				CLANG_WARN_CONSTANT_CONVERSION = YES;
				CLANG_WARN_DEPRECATED_OBJC_IMPLEMENTATIONS = YES;
				CLANG_WARN_DIRECT_OBJC_ISA_USAGE = YES_ERROR;
				CLANG_WARN_DOCUMENTATION_COMMENTS = YES;
				CLANG_WARN_EMPTY_BODY = YES;
				CLANG_WARN_ENUM_CONVERSION = YES;
				CLANG_WARN_INFINITE_RECURSION = YES;
				CLANG_WARN_INT_CONVERSION = YES;
				CLANG_WARN_NON_LITERAL_NULL_CONVERSION = YES;
				CLANG_WARN_OBJC_IMPLICIT_RETAIN_SELF = YES;
				CLANG_WARN_OBJC_LITERAL_CONVERSION = YES;
				CLANG_WARN_OBJC_ROOT_CLASS = YES_ERROR;
				CLANG_WARN_QUOTED_INCLUDE_IN_FRAMEWORK_HEADER = YES;
				CLANG_WARN_RANGE_LOOP_ANALYSIS = YES;
				CLANG_WARN_STRICT_PROTOTYPES = YES;
				CLANG_WARN_SUSPICIOUS_MOVE = YES;
				CLANG_WARN_UNGUARDED_AVAILABILITY = YES_AGGRESSIVE;
				CLANG_WARN_UNREACHABLE_CODE = YES;
				CLANG_WARN__DUPLICATE_METHOD_MATCH = YES;
				COPY_PHASE_STRIP = NO;
				DEBUG_INFORMATION_FORMAT = dwarf;
				ENABLE_STRICT_OBJC_MSGSEND = YES;
				ENABLE_TESTABILITY = YES;
				GCC_C_LANGUAGE_STANDARD = gnu11;
				GCC_DYNAMIC_NO_PIC = NO;
				GCC_NO_COMMON_BLOCKS = YES;
				GCC_OPTIMIZATION_LEVEL = 0;
				GCC_PREPROCESSOR_DEFINITIONS = (
					"DEBUG=1",
					"$(inherited)",
				);
				GCC_WARN_64_TO_32_BIT_CONVERSION = YES;
				GCC_WARN_ABOUT_RETURN_TYPE = YES_ERROR;
				GCC_WARN_UNDECLARED_SELECTOR = YES;
				GCC_WARN_UNINITIALIZED_AUTOS = YES_AGGRESSIVE;
				GCC_WARN_UNUSED_FUNCTION = YES;
				GCC_WARN_UNUSED_VARIABLE = YES;
				IPHONEOS_DEPLOYMENT_TARGET = 14.2;
				MTL_ENABLE_DEBUG_INFO = INCLUDE_SOURCE;
				MTL_FAST_MATH = YES;
				ONLY_ACTIVE_ARCH = YES;
				SDKROOT = iphoneos;
				SWIFT_ACTIVE_COMPILATION_CONDITIONS = DEBUG;
				SWIFT_OPTIMIZATION_LEVEL = "-Onone";
			};
			name = Debug;
		};
		A7AE28D42742DFFE0062943F /* Release */ = {
			isa = XCBuildConfiguration;
			buildSettings = {
				ALWAYS_SEARCH_USER_PATHS = NO;
				CLANG_ANALYZER_NONNULL = YES;
				CLANG_ANALYZER_NUMBER_OBJECT_CONVERSION = YES_AGGRESSIVE;
				CLANG_CXX_LANGUAGE_STANDARD = "gnu++14";
				CLANG_CXX_LIBRARY = "libc++";
				CLANG_ENABLE_MODULES = YES;
				CLANG_ENABLE_OBJC_ARC = YES;
				CLANG_ENABLE_OBJC_WEAK = YES;
				CLANG_WARN_BLOCK_CAPTURE_AUTORELEASING = YES;
				CLANG_WARN_BOOL_CONVERSION = YES;
				CLANG_WARN_COMMA = YES;
				CLANG_WARN_CONSTANT_CONVERSION = YES;
				CLANG_WARN_DEPRECATED_OBJC_IMPLEMENTATIONS = YES;
				CLANG_WARN_DIRECT_OBJC_ISA_USAGE = YES_ERROR;
				CLANG_WARN_DOCUMENTATION_COMMENTS = YES;
				CLANG_WARN_EMPTY_BODY = YES;
				CLANG_WARN_ENUM_CONVERSION = YES;
				CLANG_WARN_INFINITE_RECURSION = YES;
				CLANG_WARN_INT_CONVERSION = YES;
				CLANG_WARN_NON_LITERAL_NULL_CONVERSION = YES;
				CLANG_WARN_OBJC_IMPLICIT_RETAIN_SELF = YES;
				CLANG_WARN_OBJC_LITERAL_CONVERSION = YES;
				CLANG_WARN_OBJC_ROOT_CLASS = YES_ERROR;
				CLANG_WARN_QUOTED_INCLUDE_IN_FRAMEWORK_HEADER = YES;
				CLANG_WARN_RANGE_LOOP_ANALYSIS = YES;
				CLANG_WARN_STRICT_PROTOTYPES = YES;
				CLANG_WARN_SUSPICIOUS_MOVE = YES;
				CLANG_WARN_UNGUARDED_AVAILABILITY = YES_AGGRESSIVE;
				CLANG_WARN_UNREACHABLE_CODE = YES;
				CLANG_WARN__DUPLICATE_METHOD_MATCH = YES;
				COPY_PHASE_STRIP = NO;
				DEBUG_INFORMATION_FORMAT = "dwarf-with-dsym";
				ENABLE_NS_ASSERTIONS = NO;
				ENABLE_STRICT_OBJC_MSGSEND = YES;
				GCC_C_LANGUAGE_STANDARD = gnu11;
				GCC_NO_COMMON_BLOCKS = YES;
				GCC_WARN_64_TO_32_BIT_CONVERSION = YES;
				GCC_WARN_ABOUT_RETURN_TYPE = YES_ERROR;
				GCC_WARN_UNDECLARED_SELECTOR = YES;
				GCC_WARN_UNINITIALIZED_AUTOS = YES_AGGRESSIVE;
				GCC_WARN_UNUSED_FUNCTION = YES;
				GCC_WARN_UNUSED_VARIABLE = YES;
				IPHONEOS_DEPLOYMENT_TARGET = 14.2;
				MTL_ENABLE_DEBUG_INFO = NO;
				MTL_FAST_MATH = YES;
				SDKROOT = iphoneos;
				SWIFT_COMPILATION_MODE = wholemodule;
				SWIFT_OPTIMIZATION_LEVEL = "-O";
				VALIDATE_PRODUCT = YES;
			};
			name = Release;
		};
		A7AE28D62742DFFE0062943F /* Debug */ = {
			isa = XCBuildConfiguration;
			buildSettings = {
				ASSETCATALOG_COMPILER_APPICON_NAME = AppIcon;
				ASSETCATALOG_COMPILER_GLOBAL_ACCENT_COLOR_NAME = AccentColor;
				CODE_SIGN_STYLE = Automatic;
				DEVELOPMENT_ASSET_PATHS = "\"DropGame/Preview Content\"";
				ENABLE_PREVIEWS = YES;
				INFOPLIST_FILE = DropGame/resources/Info.plist;
				IPHONEOS_DEPLOYMENT_TARGET = 14.0;
				LD_RUNPATH_SEARCH_PATHS = (
					"$(inherited)",
					"@executable_path/Frameworks",
				);
				PRODUCT_BUNDLE_IDENTIFIER = CTEC.DropGame;
				PRODUCT_NAME = "$(TARGET_NAME)";
				SWIFT_VERSION = 5.0;
				TARGETED_DEVICE_FAMILY = "1,2";
			};
			name = Debug;
		};
		A7AE28D72742DFFE0062943F /* Release */ = {
			isa = XCBuildConfiguration;
			buildSettings = {
				ASSETCATALOG_COMPILER_APPICON_NAME = AppIcon;
				ASSETCATALOG_COMPILER_GLOBAL_ACCENT_COLOR_NAME = AccentColor;
				CODE_SIGN_STYLE = Automatic;
				DEVELOPMENT_ASSET_PATHS = "\"DropGame/Preview Content\"";
				ENABLE_PREVIEWS = YES;
				INFOPLIST_FILE = DropGame/resources/Info.plist;
				IPHONEOS_DEPLOYMENT_TARGET = 14.0;
				LD_RUNPATH_SEARCH_PATHS = (
					"$(inherited)",
					"@executable_path/Frameworks",
				);
				PRODUCT_BUNDLE_IDENTIFIER = CTEC.DropGame;
				PRODUCT_NAME = "$(TARGET_NAME)";
				SWIFT_VERSION = 5.0;
				TARGETED_DEVICE_FAMILY = "1,2";
			};
			name = Release;
		};
/* End XCBuildConfiguration section */

/* Begin XCConfigurationList section */
		A7AE28C12742DFFE0062943F /* Build configuration list for PBXProject "DropGame" */ = {
			isa = XCConfigurationList;
			buildConfigurations = (
				A7AE28D32742DFFE0062943F /* Debug */,
				A7AE28D42742DFFE0062943F /* Release */,
			);
			defaultConfigurationIsVisible = 0;
			defaultConfigurationName = Release;
		};
		A7AE28D52742DFFE0062943F /* Build configuration list for PBXNativeTarget "DropGame" */ = {
			isa = XCConfigurationList;
			buildConfigurations = (
				A7AE28D62742DFFE0062943F /* Debug */,
				A7AE28D72742DFFE0062943F /* Release */,
			);
			defaultConfigurationIsVisible = 0;
			defaultConfigurationName = Release;
		};
/* End XCConfigurationList section */
	};
	rootObject = A7AE28BE2742DFFE0062943F /* Project object */;
}
